
Microsoft Visual Studio Solution File, Format Version 12.00
# Visual Studio Version 17
VisualStudioVersion = 17.5.33414.496
MinimumVisualStudioVersion = 10.0.40219.1
Project("{FAE04EC0-301F-11D3-BF4B-00C04F79EFBC}") = "Auction", "Auction\Auction.csproj", "{DB3D38A1-9A67-49AC-8110-4A3E70B1B0DD}"
EndProject
Global
	GlobalSection(SolutionConfigurationPlatforms) = preSolution
		Debug|Any CPU = Debug|Any CPU
		Release|Any CPU = Release|Any CPU
	EndGlobalSection
	GlobalSection(ProjectConfigurationPlatforms) = postSolution
		{DB3D38A1-9A67-49AC-8110-4A3E70B1B0DD}.Debug|Any CPU.ActiveCfg = Debug|Any CPU
		{DB3D38A1-9A67-49AC-8110-4A3E70B1B0DD}.Debug|Any CPU.Build.0 = Debug|Any CPU
		{DB3D38A1-9A67-49AC-8110-4A3E70B1B0DD}.Release|Any CPU.ActiveCfg = Release|Any CPU
		{DB3D38A1-9A67-49AC-8110-4A3E70B1B0DD}.Release|Any CPU.Build.0 = Release|Any CPU
	EndGlobalSection
	GlobalSection(SolutionProperties) = preSolution
		HideSolutionNode = FALSE
	EndGlobalSection
	GlobalSection(ExtensibilityGlobals) = postSolution
		SolutionGuid = {79137A7A-1825-4778-AB07-266B86F8A358}
	EndGlobalSection
EndGlobal
